
Microsoft Visual Studio Solution File, Format Version 12.00
# Visual Studio Version 17
VisualStudioVersion = 17.5.33516.290
MinimumVisualStudioVersion = 10.0.40219.1
Project("{FAE04EC0-301F-11D3-BF4B-00C04F79EFBC}") = "Bohntemps", "Bohntemps\Bohntemps.csproj", "{2E8D527E-3A51-4F65-89D7-A99649890A95}"
EndProject
Project("{FAE04EC0-301F-11D3-BF4B-00C04F79EFBC}") = "BohnTemps.BeansApi", "BeansApi\BohnTemps.BeansApi.csproj", "{5A4D8E64-5AE4-47E6-913D-DBD1CE62FAED}"
EndProject
Project("{FAE04EC0-301F-11D3-BF4B-00C04F79EFBC}") = "BohnTemps.Mastodon", "Mastodon\BohnTemps.Mastodon.csproj", "{33E3F4E1-1D31-4C95-B571-7DB73AA68610}"
EndProject
Global
	GlobalSection(SolutionConfigurationPlatforms) = preSolution
		Debug|Any CPU = Debug|Any CPU
		Release|Any CPU = Release|Any CPU
	EndGlobalSection
	GlobalSection(ProjectConfigurationPlatforms) = postSolution
		{2E8D527E-3A51-4F65-89D7-A99649890A95}.Debug|Any CPU.ActiveCfg = Debug|Any CPU
		{2E8D527E-3A51-4F65-89D7-A99649890A95}.Debug|Any CPU.Build.0 = Debug|Any CPU
		{2E8D527E-3A51-4F65-89D7-A99649890A95}.Release|Any CPU.ActiveCfg = Release|Any CPU
		{2E8D527E-3A51-4F65-89D7-A99649890A95}.Release|Any CPU.Build.0 = Release|Any CPU
		{5A4D8E64-5AE4-47E6-913D-DBD1CE62FAED}.Debug|Any CPU.ActiveCfg = Debug|Any CPU
		{5A4D8E64-5AE4-47E6-913D-DBD1CE62FAED}.Debug|Any CPU.Build.0 = Debug|Any CPU
		{5A4D8E64-5AE4-47E6-913D-DBD1CE62FAED}.Release|Any CPU.ActiveCfg = Release|Any CPU
		{5A4D8E64-5AE4-47E6-913D-DBD1CE62FAED}.Release|Any CPU.Build.0 = Release|Any CPU
		{33E3F4E1-1D31-4C95-B571-7DB73AA68610}.Debug|Any CPU.ActiveCfg = Debug|Any CPU
		{33E3F4E1-1D31-4C95-B571-7DB73AA68610}.Debug|Any CPU.Build.0 = Debug|Any CPU
		{33E3F4E1-1D31-4C95-B571-7DB73AA68610}.Release|Any CPU.ActiveCfg = Release|Any CPU
		{33E3F4E1-1D31-4C95-B571-7DB73AA68610}.Release|Any CPU.Build.0 = Release|Any CPU
	EndGlobalSection
	GlobalSection(SolutionProperties) = preSolution
		HideSolutionNode = FALSE
	EndGlobalSection
	GlobalSection(ExtensibilityGlobals) = postSolution
		SolutionGuid = {32A26B96-AC73-48DC-B704-DFFB0A0DCCF0}
	EndGlobalSection
EndGlobal
